
Microsoft Visual Studio Solution File, Format Version 12.00
# Visual Studio Version 17
VisualStudioVersion = 17.10.35122.118
MinimumVisualStudioVersion = 10.0.40219.1
Project("{9A19103F-16F7-4668-BE54-9A1E7A4F7556}") = "Weather", "Weather\Weather.csproj", "{7B9CA1AF-4E15-4E98-A9A2-7BE7DA74A595}"
EndProject
Project("{E53339B2-1760-4266-BCC7-CA923CBCF16C}") = "docker-compose", "docker-compose.dcproj", "{9614FE86-C974-4F43-897C-6F835BBEF491}"
EndProject
Global
	GlobalSection(SolutionConfigurationPlatforms) = preSolution
		Debug|Any CPU = Debug|Any CPU
		Release|Any CPU = Release|Any CPU
	EndGlobalSection
	GlobalSection(ProjectConfigurationPlatforms) = postSolution
		{7B9CA1AF-4E15-4E98-A9A2-7BE7DA74A595}.Debug|Any CPU.ActiveCfg = Debug|Any CPU
		{7B9CA1AF-4E15-4E98-A9A2-7BE7DA74A595}.Debug|Any CPU.Build.0 = Debug|Any CPU
		{7B9CA1AF-4E15-4E98-A9A2-7BE7DA74A595}.Release|Any CPU.ActiveCfg = Release|Any CPU
		{7B9CA1AF-4E15-4E98-A9A2-7BE7DA74A595}.Release|Any CPU.Build.0 = Release|Any CPU
		{9614FE86-C974-4F43-897C-6F835BBEF491}.Debug|Any CPU.ActiveCfg = Debug|Any CPU
		{9614FE86-C974-4F43-897C-6F835BBEF491}.Debug|Any CPU.Build.0 = Debug|Any CPU
		{9614FE86-C974-4F43-897C-6F835BBEF491}.Release|Any CPU.ActiveCfg = Release|Any CPU
		{9614FE86-C974-4F43-897C-6F835BBEF491}.Release|Any CPU.Build.0 = Release|Any CPU
	EndGlobalSection
	GlobalSection(SolutionProperties) = preSolution
		HideSolutionNode = FALSE
	EndGlobalSection
	GlobalSection(ExtensibilityGlobals) = postSolution
		SolutionGuid = {60978243-3F45-4DE9-9582-BF73C83211C3}
	EndGlobalSection
EndGlobal
